github.com/go-chi/chi/v5 v5.0.8 h1:lD+NLqFcAi1ovnVZpsnObHGW4xb4J8lNmoYVfECH1Y0=
github.com/go-chi/chi/v5 v5.0.8/go.mod h1:DslCQbL2OYiznFReuXYUmQ2hGd1aDpCnlMNITLSKoi8=
github.com/mangopkg/mango v0.1.0 h1:/fwH0+BlMfe+aSK76SBVZJqhV+H+es4iS3zAxmrbIYM=
github.com/mangopkg/mango v0.1.0/go.mod h1:1smRu177qLJH5abdbMjIH0/0INNcXdQZnJJ33FziyOU=
